{
  "version": 4,
  "terraform_version": "1.10.5",
  "serial": 13,
  "lineage": "2fc8decb-d27c-9154-9a2c-5bacb3bd66ba",
  "outputs": {
    "mongo_port_info": {
      "value": "MongoDB exposed on host port 27018",
      "type": "string"
    },
    "mongo_status": {
      "value": "MongoDB container 'mongo-user' is running with ID 'd245fbdc2fd4b136ca38b6fa67a4bade461d0d65f76b335cd65d5c755f674ae6'",
      "type": "string"
    }
  },
  "resources": [
    {
      "module": "module.mongo-user",
      "mode": "managed",
      "type": "docker_container",
      "name": "mongo_user",
      "provider": "module.mongo-user.provider[\"registry.terraform.io/kreuzwerker/docker\"]",
      "instances": [
        {
          "schema_version": 2,
          "attributes": {
            "attach": false,
            "bridge": "",
            "capabilities": [],
            "cgroupns_mode": null,
            "command": [
              "mongod"
            ],
            "container_logs": null,
            "container_read_refresh_timeout_milliseconds": 15000,
            "cpu_set": "",
            "cpu_shares": 0,
            "destroy_grace_seconds": null,
            "devices": [],
            "dns": null,
            "dns_opts": null,
            "dns_search": null,
            "domainname": "",
            "entrypoint": [
              "docker-entrypoint.sh"
            ],
            "env": [
              "MONGO_INITDB_DATABASE=user-service",
              "MONGO_INITDB_ROOT_PASSWORD=PantryScanner2024",
              "MONGO_INITDB_ROOT_USERNAME=oumeri"
            ],
            "exit_code": null,
            "gpus": null,
            "group_add": null,
            "healthcheck": null,
            "host": [],
            "hostname": "d245fbdc2fd4",
            "id": "d245fbdc2fd4b136ca38b6fa67a4bade461d0d65f76b335cd65d5c755f674ae6",
            "image": "sha256:3d3f53bf2171f73fd725412f93a7bba10eee9c898b1381e7d7680a19dcb937d7",
            "init": false,
            "ipc_mode": "private",
            "labels": [],
            "log_driver": "json-file",
            "log_opts": null,
            "logs": false,
            "max_retry_count": 0,
            "memory": 0,
            "memory_swap": 0,
            "mounts": [],
            "must_run": true,
            "name": "mongo-user",
            "network_data": [
              {
                "gateway": "172.18.0.1",
                "global_ipv6_address": "",
                "global_ipv6_prefix_length": 0,
                "ip_address": "172.18.0.2",
                "ip_prefix_length": 16,
                "ipv6_gateway": "",
                "mac_address": "02:42:ac:12:00:02",
                "network_name": "app-network"
              }
            ],
            "network_mode": "bridge",
            "networks_advanced": [
              {
                "aliases": [],
                "ipv4_address": "",
                "ipv6_address": "",
                "name": "app-network"
              }
            ],
            "pid_mode": "",
            "ports": [
              {
                "external": 27018,
                "internal": 27017,
                "ip": "0.0.0.0",
                "protocol": "tcp"
              }
            ],
            "privileged": false,
            "publish_all_ports": false,
            "read_only": false,
            "remove_volumes": true,
            "restart": "no",
            "rm": false,
            "runtime": "runc",
            "security_opts": [],
            "shm_size": 64,
            "start": true,
            "stdin_open": false,
            "stop_signal": "",
            "stop_timeout": 0,
            "storage_opts": null,
            "sysctls": null,
            "tmpfs": null,
            "tty": false,
            "ulimit": [],
            "upload": [],
            "user": "",
            "userns_mode": "",
            "volumes": [
              {
                "container_path": "/data/db",
                "from_container": "",
                "host_path": "",
                "read_only": null,
                "volume_name": "mongo_data"
              }
            ],
            "wait": false,
            "wait_timeout": 60,
            "working_dir": ""
          },
          "sensitive_attributes": [
            [
              {
                "type": "get_attr",
                "value": "env"
              }
            ]
          ],
          "private": "eyJzY2hlbWFfdmVyc2lvbiI6IjIifQ==",
          "dependencies": [
            "module.mongo-user.docker_image.mongo",
            "module.mongo-user.docker_volume.mongo_data",
            "module.network.docker_network.app_network"
          ]
        }
      ]
    },
    {
      "module": "module.mongo-user",
      "mode": "managed",
      "type": "docker_image",
      "name": "mongo",
      "provider": "module.mongo-user.provider[\"registry.terraform.io/kreuzwerker/docker\"]",
      "instances": [
        {
          "schema_version": 0,
          "attributes": {
            "build": [],
            "force_remove": null,
            "id": "sha256:3d3f53bf2171f73fd725412f93a7bba10eee9c898b1381e7d7680a19dcb937d7mongo:6",
            "image_id": "sha256:3d3f53bf2171f73fd725412f93a7bba10eee9c898b1381e7d7680a19dcb937d7",
            "keep_locally": null,
            "name": "mongo:6",
            "platform": null,
            "pull_triggers": null,
            "repo_digest": "mongo@sha256:3d3f53bf2171f73fd725412f93a7bba10eee9c898b1381e7d7680a19dcb937d7",
            "triggers": null
          },
          "sensitive_attributes": [],
          "private": "bnVsbA=="
        }
      ]
    },
    {
      "module": "module.mongo-user",
      "mode": "managed",
      "type": "docker_volume",
      "name": "mongo_data",
      "provider": "module.mongo-user.provider[\"registry.terraform.io/kreuzwerker/docker\"]",
      "instances": [
        {
          "schema_version": 1,
          "attributes": {
            "driver": "local",
            "driver_opts": {},
            "id": "mongo_data",
            "labels": [],
            "mountpoint": "/var/lib/docker/volumes/mongo_data/_data",
            "name": "mongo_data"
          },
          "sensitive_attributes": [],
          "private": "eyJzY2hlbWFfdmVyc2lvbiI6IjEifQ=="
        }
      ]
    },
    {
      "module": "module.network",
      "mode": "managed",
      "type": "docker_network",
      "name": "app_network",
      "provider": "module.network.provider[\"registry.terraform.io/kreuzwerker/docker\"]",
      "instances": [
        {
          "schema_version": 1,
          "attributes": {
            "attachable": false,
            "check_duplicate": null,
            "driver": "bridge",
            "id": "f3c95f04af2765c26a04e52851a023fcecb683ac86fa0e93e0d483c2e2c6cdc4",
            "ingress": false,
            "internal": false,
            "ipam_config": [
              {
                "aux_address": {},
                "gateway": "172.18.0.1",
                "ip_range": "",
                "subnet": "172.18.0.0/16"
              }
            ],
            "ipam_driver": "default",
            "ipam_options": {},
            "ipv6": false,
            "labels": [],
            "name": "app-network",
            "options": {},
            "scope": "local"
          },
          "sensitive_attributes": [],
          "private": "eyJzY2hlbWFfdmVyc2lvbiI6IjEifQ=="
        }
      ]
    }
  ],
  "check_results": null
}
