{
  "version": 4,
  "terraform_version": "1.10.5",
  "serial": 22,
  "lineage": "2fc8decb-d27c-9154-9a2c-5bacb3bd66ba",
  "outputs": {},
  "resources": [
    {
      "module": "module.mongo-user",
      "mode": "managed",
      "type": "docker_container",
      "name": "mongo_user",
      "provider": "module.mongo-user.provider[\"registry.terraform.io/kreuzwerker/docker\"]",
      "instances": [
        {
          "schema_version": 2,
          "attributes": {
            "attach": false,
            "bridge": "",
            "capabilities": [],
            "cgroupns_mode": null,
            "command": [
              "mongod"
            ],
            "container_logs": null,
            "container_read_refresh_timeout_milliseconds": 15000,
            "cpu_set": "",
            "cpu_shares": 0,
            "destroy_grace_seconds": null,
            "devices": [],
            "dns": null,
            "dns_opts": null,
            "dns_search": null,
            "domainname": "",
            "entrypoint": [
              "docker-entrypoint.sh"
            ],
            "env": [
              "MONGO_INITDB_DATABASE=User-Service",
              "MONGO_INITDB_ROOT_PASSWORD=PantryScanner2024",
              "MONGO_INITDB_ROOT_USERNAME=oumeri",
              "MONGO_URI=mongodb://oumeri:PantryScanner2024@mongo-user:27017/User-Service"
            ],
            "exit_code": null,
            "gpus": null,
            "group_add": null,
            "healthcheck": null,
            "host": [],
            "hostname": "53986de59a3d",
            "id": "53986de59a3da83c75c2a6fe5356fedd947456608a7472fc415610aeb1a87130",
            "image": "sha256:3d3f53bf2171f73fd725412f93a7bba10eee9c898b1381e7d7680a19dcb937d7",
            "init": false,
            "ipc_mode": "private",
            "labels": [],
            "log_driver": "json-file",
            "log_opts": null,
            "logs": false,
            "max_retry_count": 0,
            "memory": 0,
            "memory_swap": 0,
            "mounts": [],
            "must_run": true,
            "name": "mongo-user",
            "network_data": [
              {
                "gateway": "172.18.0.1",
                "global_ipv6_address": "",
                "global_ipv6_prefix_length": 0,
                "ip_address": "172.18.0.2",
                "ip_prefix_length": 16,
                "ipv6_gateway": "",
                "mac_address": "02:42:ac:12:00:02",
                "network_name": "app-network"
              }
            ],
            "network_mode": "bridge",
            "networks_advanced": [
              {
                "aliases": [],
                "ipv4_address": "",
                "ipv6_address": "",
                "name": "app-network"
              }
            ],
            "pid_mode": "",
            "ports": [
              {
                "external": 27018,
                "internal": 27017,
                "ip": "0.0.0.0",
                "protocol": "tcp"
              }
            ],
            "privileged": false,
            "publish_all_ports": false,
            "read_only": false,
            "remove_volumes": true,
            "restart": "no",
            "rm": false,
            "runtime": "runc",
            "security_opts": [],
            "shm_size": 64,
            "start": true,
            "stdin_open": false,
            "stop_signal": "",
            "stop_timeout": 0,
            "storage_opts": null,
            "sysctls": null,
            "tmpfs": null,
            "tty": false,
            "ulimit": [],
            "upload": [],
            "user": "",
            "userns_mode": "",
            "volumes": [
              {
                "container_path": "/data/db",
                "from_container": "",
                "host_path": "",
                "read_only": null,
                "volume_name": "mongo-data-user"
              }
            ],
            "wait": false,
            "wait_timeout": 60,
            "working_dir": ""
          },
          "sensitive_attributes": [
            [
              {
                "type": "get_attr",
                "value": "env"
              }
            ]
          ],
          "private": "eyJzY2hlbWFfdmVyc2lvbiI6IjIifQ==",
          "dependencies": [
            "module.mongo-user.docker_image.mongo",
            "module.mongo-user.docker_volume.mongo_data_user",
            "module.network.docker_network.app_network"
          ]
        }
      ]
    },
    {
      "module": "module.mongo-user",
      "mode": "managed",
      "type": "docker_image",
      "name": "mongo",
      "provider": "module.mongo-user.provider[\"registry.terraform.io/kreuzwerker/docker\"]",
      "instances": [
        {
          "schema_version": 0,
          "attributes": {
            "build": [],
            "force_remove": null,
            "id": "sha256:3d3f53bf2171f73fd725412f93a7bba10eee9c898b1381e7d7680a19dcb937d7mongo:6",
            "image_id": "sha256:3d3f53bf2171f73fd725412f93a7bba10eee9c898b1381e7d7680a19dcb937d7",
            "keep_locally": null,
            "name": "mongo:6",
            "platform": null,
            "pull_triggers": null,
            "repo_digest": "mongo@sha256:3d3f53bf2171f73fd725412f93a7bba10eee9c898b1381e7d7680a19dcb937d7",
            "triggers": null
          },
          "sensitive_attributes": [],
          "private": "bnVsbA=="
        }
      ]
    },
    {
      "module": "module.mongo-user",
      "mode": "managed",
      "type": "docker_volume",
      "name": "mongo_data_user",
      "provider": "module.mongo-user.provider[\"registry.terraform.io/kreuzwerker/docker\"]",
      "instances": [
        {
          "schema_version": 1,
          "attributes": {
            "driver": "local",
            "driver_opts": null,
            "id": "mongo-data-user",
            "labels": [],
            "mountpoint": "/var/lib/docker/volumes/mongo-data-user/_data",
            "name": "mongo-data-user"
          },
          "sensitive_attributes": [],
          "private": "eyJzY2hlbWFfdmVyc2lvbiI6IjEifQ=="
        }
      ]
    },
    {
      "module": "module.network",
      "mode": "managed",
      "type": "docker_network",
      "name": "app_network",
      "provider": "module.network.provider[\"registry.terraform.io/kreuzwerker/docker\"]",
      "instances": [
        {
          "schema_version": 1,
          "attributes": {
            "attachable": false,
            "check_duplicate": null,
            "driver": "bridge",
            "id": "f3c95f04af2765c26a04e52851a023fcecb683ac86fa0e93e0d483c2e2c6cdc4",
            "ingress": false,
            "internal": false,
            "ipam_config": [
              {
                "aux_address": {},
                "gateway": "172.18.0.1",
                "ip_range": "",
                "subnet": "172.18.0.0/16"
              }
            ],
            "ipam_driver": "default",
            "ipam_options": {},
            "ipv6": false,
            "labels": [],
            "name": "app-network",
            "options": {},
            "scope": "local"
          },
          "sensitive_attributes": [],
          "private": "eyJzY2hlbWFfdmVyc2lvbiI6IjEifQ=="
        }
      ]
    },
    {
      "module": "module.postgres-auth",
      "mode": "managed",
      "type": "docker_container",
      "name": "postgres_auth",
      "provider": "module.postgres-auth.provider[\"registry.terraform.io/kreuzwerker/docker\"]",
      "instances": [
        {
          "schema_version": 2,
          "attributes": {
            "attach": false,
            "bridge": "",
            "capabilities": [],
            "cgroupns_mode": null,
            "command": [
              "postgres"
            ],
            "container_logs": null,
            "container_read_refresh_timeout_milliseconds": 15000,
            "cpu_set": "",
            "cpu_shares": 0,
            "destroy_grace_seconds": null,
            "devices": [],
            "dns": null,
            "dns_opts": null,
            "dns_search": null,
            "domainname": "",
            "entrypoint": [
              "docker-entrypoint.sh"
            ],
            "env": [
              "POSTGRES_DB=Auth-Service",
              "POSTGRES_PASSWORD=PantryScanner2024",
              "POSTGRES_URI=postgresql://oumeri:PantryScanner2024@postgres-auth:5432/Auth-Service",
              "POSTGRES_USER=oumeri"
            ],
            "exit_code": null,
            "gpus": null,
            "group_add": null,
            "healthcheck": null,
            "host": [],
            "hostname": "6baa07511311",
            "id": "6baa0751131136737846fddad714f2fb293661a3a951eb39937c5ef88fd5612e",
            "image": "sha256:7062a2109c4b51f3c792c7ea01e83ed12ef9a980886e3b3d380a7d2e5f6ce3f5",
            "init": false,
            "ipc_mode": "private",
            "labels": [],
            "log_driver": "json-file",
            "log_opts": null,
            "logs": false,
            "max_retry_count": 0,
            "memory": 0,
            "memory_swap": 0,
            "mounts": [],
            "must_run": true,
            "name": "postgres-auth",
            "network_data": [
              {
                "gateway": "172.18.0.1",
                "global_ipv6_address": "",
                "global_ipv6_prefix_length": 0,
                "ip_address": "172.18.0.2",
                "ip_prefix_length": 16,
                "ipv6_gateway": "",
                "mac_address": "02:42:ac:12:00:02",
                "network_name": "app-network"
              }
            ],
            "network_mode": "bridge",
            "networks_advanced": [
              {
                "aliases": [],
                "ipv4_address": "",
                "ipv6_address": "",
                "name": "app-network"
              }
            ],
            "pid_mode": "",
            "ports": [
              {
                "external": 5432,
                "internal": 5432,
                "ip": "0.0.0.0",
                "protocol": "tcp"
              }
            ],
            "privileged": false,
            "publish_all_ports": false,
            "read_only": false,
            "remove_volumes": true,
            "restart": "no",
            "rm": false,
            "runtime": "runc",
            "security_opts": [],
            "shm_size": 64,
            "start": true,
            "stdin_open": false,
            "stop_signal": "SIGINT",
            "stop_timeout": 0,
            "storage_opts": null,
            "sysctls": null,
            "tmpfs": null,
            "tty": false,
            "ulimit": [],
            "upload": [],
            "user": "",
            "userns_mode": "",
            "volumes": [
              {
                "container_path": "/var/lib/postgresql/data",
                "from_container": "",
                "host_path": "",
                "read_only": null,
                "volume_name": "postgres-data-auth"
              }
            ],
            "wait": false,
            "wait_timeout": 60,
            "working_dir": "/"
          },
          "sensitive_attributes": [
            [
              {
                "type": "get_attr",
                "value": "env"
              }
            ]
          ],
          "private": "eyJzY2hlbWFfdmVyc2lvbiI6IjIifQ==",
          "dependencies": [
            "module.network.docker_network.app_network",
            "module.postgres-auth.docker_image.user_service",
            "module.postgres-auth.docker_volume.postgres_data_auth"
          ]
        }
      ]
    },
    {
      "module": "module.postgres-auth",
      "mode": "managed",
      "type": "docker_image",
      "name": "user_service",
      "provider": "module.postgres-auth.provider[\"registry.terraform.io/kreuzwerker/docker\"]",
      "instances": [
        {
          "schema_version": 0,
          "attributes": {
            "build": [],
            "force_remove": null,
            "id": "sha256:7062a2109c4b51f3c792c7ea01e83ed12ef9a980886e3b3d380a7d2e5f6ce3f5postgres:17-alpine",
            "image_id": "sha256:7062a2109c4b51f3c792c7ea01e83ed12ef9a980886e3b3d380a7d2e5f6ce3f5",
            "keep_locally": null,
            "name": "postgres:17-alpine",
            "platform": null,
            "pull_triggers": null,
            "repo_digest": "postgres@sha256:7062a2109c4b51f3c792c7ea01e83ed12ef9a980886e3b3d380a7d2e5f6ce3f5",
            "triggers": null
          },
          "sensitive_attributes": [],
          "private": "bnVsbA=="
        }
      ]
    },
    {
      "module": "module.postgres-auth",
      "mode": "managed",
      "type": "docker_volume",
      "name": "postgres_data_auth",
      "provider": "module.postgres-auth.provider[\"registry.terraform.io/kreuzwerker/docker\"]",
      "instances": [
        {
          "schema_version": 1,
          "attributes": {
            "driver": "local",
            "driver_opts": null,
            "id": "postgres-data-auth",
            "labels": [],
            "mountpoint": "/var/lib/docker/volumes/postgres-data-auth/_data",
            "name": "postgres-data-auth"
          },
          "sensitive_attributes": [],
          "private": "eyJzY2hlbWFfdmVyc2lvbiI6IjEifQ=="
        }
      ]
    },
    {
      "module": "module.user-service",
      "mode": "managed",
      "type": "docker_container",
      "name": "user_service",
      "provider": "module.user-service.provider[\"registry.terraform.io/kreuzwerker/docker\"]",
      "instances": [
        {
          "schema_version": 2,
          "attributes": {
            "attach": false,
            "bridge": "",
            "capabilities": [],
            "cgroupns_mode": null,
            "command": [
              "node",
              "src/index.js"
            ],
            "container_logs": null,
            "container_read_refresh_timeout_milliseconds": 15000,
            "cpu_set": "",
            "cpu_shares": 0,
            "destroy_grace_seconds": null,
            "devices": [],
            "dns": null,
            "dns_opts": null,
            "dns_search": null,
            "domainname": "",
            "entrypoint": [
              "docker-entrypoint.sh"
            ],
            "env": [
              "MONGO_INITDB_DATABASE=User-Service",
              "MONGO_INITDB_ROOT_PASSWORD=PantryScanner2024",
              "MONGO_INITDB_ROOT_USERNAME=oumeri",
              "MONGO_URI=mongodb://oumeri:PantryScanner2024@mongo-user:27017/User-Service"
            ],
            "exit_code": null,
            "gpus": null,
            "group_add": null,
            "healthcheck": null,
            "host": [],
            "hostname": "b81f5435f611",
            "id": "b81f5435f6119d32baf02c13bad64f0677479c6d1f5b93658875058cc43d6fc5",
            "image": "sha256:8f3540da38a93c77f6f92102444b75194bd703334408ced033bb2b12ae4307e3",
            "init": false,
            "ipc_mode": "private",
            "labels": [],
            "log_driver": "json-file",
            "log_opts": null,
            "logs": false,
            "max_retry_count": 0,
            "memory": 0,
            "memory_swap": 0,
            "mounts": [],
            "must_run": true,
            "name": "user-service",
            "network_data": [
              {
                "gateway": "172.18.0.1",
                "global_ipv6_address": "",
                "global_ipv6_prefix_length": 0,
                "ip_address": "172.18.0.3",
                "ip_prefix_length": 16,
                "ipv6_gateway": "",
                "mac_address": "02:42:ac:12:00:03",
                "network_name": "app-network"
              }
            ],
            "network_mode": "bridge",
            "networks_advanced": [
              {
                "aliases": [],
                "ipv4_address": "",
                "ipv6_address": "",
                "name": "app-network"
              }
            ],
            "pid_mode": "",
            "ports": [
              {
                "external": 3000,
                "internal": 3000,
                "ip": "0.0.0.0",
                "protocol": "tcp"
              }
            ],
            "privileged": false,
            "publish_all_ports": false,
            "read_only": false,
            "remove_volumes": true,
            "restart": "no",
            "rm": false,
            "runtime": "runc",
            "security_opts": [],
            "shm_size": 64,
            "start": true,
            "stdin_open": false,
            "stop_signal": "",
            "stop_timeout": 0,
            "storage_opts": null,
            "sysctls": null,
            "tmpfs": null,
            "tty": false,
            "ulimit": [],
            "upload": [],
            "user": "",
            "userns_mode": "",
            "volumes": [],
            "wait": false,
            "wait_timeout": 60,
            "working_dir": "/app"
          },
          "sensitive_attributes": [
            [
              {
                "type": "get_attr",
                "value": "env"
              }
            ]
          ],
          "private": "eyJzY2hlbWFfdmVyc2lvbiI6IjIifQ==",
          "dependencies": [
            "module.network.docker_network.app_network",
            "module.user-service.docker_image.user_service"
          ]
        }
      ]
    },
    {
      "module": "module.user-service",
      "mode": "managed",
      "type": "docker_image",
      "name": "user_service",
      "provider": "module.user-service.provider[\"registry.terraform.io/kreuzwerker/docker\"]",
      "instances": [
        {
          "schema_version": 0,
          "attributes": {
            "build": [],
            "force_remove": null,
            "id": "sha256:8f3540da38a93c77f6f92102444b75194bd703334408ced033bb2b12ae4307e3mezlin/user-service:latest",
            "image_id": "sha256:8f3540da38a93c77f6f92102444b75194bd703334408ced033bb2b12ae4307e3",
            "keep_locally": null,
            "name": "mezlin/user-service:latest",
            "platform": null,
            "pull_triggers": null,
            "repo_digest": "mezlin/user-service@sha256:8f3540da38a93c77f6f92102444b75194bd703334408ced033bb2b12ae4307e3",
            "triggers": null
          },
          "sensitive_attributes": [],
          "private": "bnVsbA=="
        }
      ]
    }
  ],
  "check_results": null
}
